// !$*UTF8*$!
{
	archiveVersion = 1;
	classes = {
	};
	objectVersion = 46;
	objects = {

/* Begin PBXBuildFile section */
		55527DC01B4406FD007853FD /* AppDelegate.swift in Sources */ = {isa = PBXBuildFile; fileRef = 55527DBF1B4406FD007853FD /* AppDelegate.swift */; };
		55527DC21B4406FD007853FD /* ViewController.swift in Sources */ = {isa = PBXBuildFile; fileRef = 55527DC11B4406FD007853FD /* ViewController.swift */; };
		55527DC41B4406FD007853FD /* Images.xcassets in Resources */ = {isa = PBXBuildFile; fileRef = 55527DC31B4406FD007853FD /* Images.xcassets */; };
		55527DC71B4406FD007853FD /* Main.storyboard in Resources */ = {isa = PBXBuildFile; fileRef = 55527DC51B4406FD007853FD /* Main.storyboard */; };
		55527DD31B4406FD007853FD /* Todo_SwiftTests.swift in Sources */ = {isa = PBXBuildFile; fileRef = 55527DD21B4406FD007853FD /* Todo_SwiftTests.swift */; };
/* End PBXBuildFile section */

/* Begin PBXContainerItemProxy section */
		55527DCD1B4406FD007853FD /* PBXContainerItemProxy */ = {
			isa = PBXContainerItemProxy;
			containerPortal = 55527DB21B4406FD007853FD /* Project object */;
			proxyType = 1;
			remoteGlobalIDString = 55527DB91B4406FD007853FD;
			remoteInfo = "Todo Swift";
		};
/* End PBXContainerItemProxy section */

/* Begin PBXFileReference section */
		55527DBA1B4406FD007853FD /* Todo Swift.app */ = {isa = PBXFileReference; explicitFileType = wrapper.application; includeInIndex = 0; path = "Todo Swift.app"; sourceTree = BUILT_PRODUCTS_DIR; };
		55527DBE1B4406FD007853FD /* Info.plist */ = {isa = PBXFileReference; lastKnownFileType = text.plist.xml; path = Info.plist; sourceTree = "<group>"; };
		55527DBF1B4406FD007853FD /* AppDelegate.swift */ = {isa = PBXFileReference; lastKnownFileType = sourcecode.swift; path = AppDelegate.swift; sourceTree = "<group>"; };
		55527DC11B4406FD007853FD /* ViewController.swift */ = {isa = PBXFileReference; lastKnownFileType = sourcecode.swift; path = ViewController.swift; sourceTree = "<group>"; };
		55527DC31B4406FD007853FD /* Images.xcassets */ = {isa = PBXFileReference; lastKnownFileType = folder.assetcatalog; path = Images.xcassets; sourceTree = "<group>"; };
		55527DC61B4406FD007853FD /* Base */ = {isa = PBXFileReference; lastKnownFileType = file.storyboard; name = Base; path = Base.lproj/Main.storyboard; sourceTree = "<group>"; };
		55527DCC1B4406FD007853FD /* Todo SwiftTests.xctest */ = {isa = PBXFileReference; explicitFileType = wrapper.cfbundle; includeInIndex = 0; path = "Todo SwiftTests.xctest"; sourceTree = BUILT_PRODUCTS_DIR; };
		55527DD11B4406FD007853FD /* Info.plist */ = {isa = PBXFileReference; lastKnownFileType = text.plist.xml; path = Info.plist; sourceTree = "<group>"; };
		55527DD21B4406FD007853FD /* Todo_SwiftTests.swift */ = {isa = PBXFileReference; lastKnownFileType = sourcecode.swift; path = Todo_SwiftTests.swift; sourceTree = "<group>"; };
/* End PBXFileReference section */

/* Begin PBXFrameworksBuildPhase section */
		55527DB71B4406FD007853FD /* Frameworks */ = {
			isa = PBXFrameworksBuildPhase;
			buildActionMask = 2147483647;
			files = (
			);
			runOnlyForDeploymentPostprocessing = 0;
		};
		55527DC91B4406FD007853FD /* Frameworks */ = {
			isa = PBXFrameworksBuildPhase;
			buildActionMask = 2147483647;
			files = (
			);
			runOnlyForDeploymentPostprocessing = 0;
		};
/* End PBXFrameworksBuildPhase section */

/* Begin PBXGroup section */
		55527DB11B4406FD007853FD = {
			isa = PBXGroup;
			children = (
				55527DBC1B4406FD007853FD /* Todo Swift */,
				55527DCF1B4406FD007853FD /* Todo SwiftTests */,
				55527DBB1B4406FD007853FD /* Products */,
			);
			sourceTree = "<group>";
		};
		55527DBB1B4406FD007853FD /* Products */ = {
			isa = PBXGroup;
			children = (
				55527DBA1B4406FD007853FD /* Todo Swift.app */,
				55527DCC1B4406FD007853FD /* Todo SwiftTests.xctest */,
			);
			name = Products;
			sourceTree = "<group>";
		};
		55527DBC1B4406FD007853FD /* Todo Swift */ = {
			isa = PBXGroup;
			children = (
				55527DBF1B4406FD007853FD /* AppDelegate.swift */,
				55527DC11B4406FD007853FD /* ViewController.swift */,
				55527DC31B4406FD007853FD /* Images.xcassets */,
				55527DC51B4406FD007853FD /* Main.storyboard */,
				55527DBD1B4406FD007853FD /* Supporting Files */,
			);
			path = "Todo Swift";
			sourceTree = "<group>";
		};
		55527DBD1B4406FD007853FD /* Supporting Files */ = {
			isa = PBXGroup;
			children = (
				55527DBE1B4406FD007853FD /* Info.plist */,
			);
			name = "Supporting Files";
			sourceTree = "<group>";
		};
		55527DCF1B4406FD007853FD /* Todo SwiftTests */ = {
			isa = PBXGroup;
			children = (
				55527DD21B4406FD007853FD /* Todo_SwiftTests.swift */,
				55527DD01B4406FD007853FD /* Supporting Files */,
			);
			path = "Todo SwiftTests";
			sourceTree = "<group>";
		};
		55527DD01B4406FD007853FD /* Supporting Files */ = {
			isa = PBXGroup;
			children = (
				55527DD11B4406FD007853FD /* Info.plist */,
			);
			name = "Supporting Files";
			sourceTree = "<group>";
		};
/* End PBXGroup section */

/* Begin PBXNativeTarget section */
		55527DB91B4406FD007853FD /* Todo Swift */ = {
			isa = PBXNativeTarget;
			buildConfigurationList = 55527DD61B4406FD007853FD /* Build configuration list for PBXNativeTarget "Todo Swift" */;
			buildPhases = (
				55527DB61B4406FD007853FD /* Sources */,
				55527DB71B4406FD007853FD /* Frameworks */,
				55527DB81B4406FD007853FD /* Resources */,
			);
			buildRules = (
			);
			dependencies = (
			);
			name = "Todo Swift";
			productName = "Todo Swift";
			productReference = 55527DBA1B4406FD007853FD /* Todo Swift.app */;
			productType = "com.apple.product-type.application";
		};
		55527DCB1B4406FD007853FD /* Todo SwiftTests */ = {
			isa = PBXNativeTarget;
			buildConfigurationList = 55527DD91B4406FD007853FD /* Build configuration list for PBXNativeTarget "Todo SwiftTests" */;
			buildPhases = (
				55527DC81B4406FD007853FD /* Sources */,
				55527DC91B4406FD007853FD /* Frameworks */,
				55527DCA1B4406FD007853FD /* Resources */,
			);
			buildRules = (
			);
			dependencies = (
				55527DCE1B4406FD007853FD /* PBXTargetDependency */,
			);
			name = "Todo SwiftTests";
			productName = "Todo SwiftTests";
			productReference = 55527DCC1B4406FD007853FD /* Todo SwiftTests.xctest */;
			productType = "com.apple.product-type.bundle.unit-test";
		};
/* End PBXNativeTarget section */

/* Begin PBXProject section */
		55527DB21B4406FD007853FD /* Project object */ = {
			isa = PBXProject;
			attributes = {
				LastUpgradeCheck = 0630;
				ORGANIZATIONNAME = Haspaker;
				TargetAttributes = {
					55527DB91B4406FD007853FD = {
						CreatedOnToolsVersion = 6.3.2;
					};
					55527DCB1B4406FD007853FD = {
						CreatedOnToolsVersion = 6.3.2;
						TestTargetID = 55527DB91B4406FD007853FD;
					};
				};
			};
			buildConfigurationList = 55527DB51B4406FD007853FD /* Build configuration list for PBXProject "Todo Swift" */;
			compatibilityVersion = "Xcode 3.2";
			developmentRegion = English;
			hasScannedForEncodings = 0;
			knownRegions = (
				en,
				Base,
			);
			mainGroup = 55527DB11B4406FD007853FD;
			productRefGroup = 55527DBB1B4406FD007853FD /* Products */;
			projectDirPath = "";
			projectRoot = "";
			targets = (
				55527DB91B4406FD007853FD /* Todo Swift */,
				55527DCB1B4406FD007853FD /* Todo SwiftTests */,
			);
		};
/* End PBXProject section */

/* Begin PBXResourcesBuildPhase section */
		55527DB81B4406FD007853FD /* Resources */ = {
			isa = PBXResourcesBuildPhase;
			buildActionMask = 2147483647;
			files = (
				55527DC41B4406FD007853FD /* Images.xcassets in Resources */,
				55527DC71B4406FD007853FD /* Main.storyboard in Resources */,
			);
			runOnlyForDeploymentPostprocessing = 0;
		};
		55527DCA1B4406FD007853FD /* Resources */ = {
			isa = PBXResourcesBuildPhase;
			buildActionMask = 2147483647;
			files = (
			);
			runOnlyForDeploymentPostprocessing = 0;
		};
/* End PBXResourcesBuildPhase section */

/* Begin PBXSourcesBuildPhase section */
		55527DB61B4406FD007853FD /* Sources */ = {
			isa = PBXSourcesBuildPhase;
			buildActionMask = 2147483647;
			files = (
				55527DC21B4406FD007853FD /* ViewController.swift in Sources */,
				55527DC01B4406FD007853FD /* AppDelegate.swift in Sources */,
			);
			runOnlyForDeploymentPostprocessing = 0;
		};
		55527DC81B4406FD007853FD /* Sources */ = {
			isa = PBXSourcesBuildPhase;
			buildActionMask = 2147483647;
			files = (
				55527DD31B4406FD007853FD /* Todo_SwiftTests.swift in Sources */,
			);
			runOnlyForDeploymentPostprocessing = 0;
		};
/* End PBXSourcesBuildPhase section */

/* Begin PBXTargetDependency section */
		55527DCE1B4406FD007853FD /* PBXTargetDependency */ = {
			isa = PBXTargetDependency;
			target = 55527DB91B4406FD007853FD /* Todo Swift */;
			targetProxy = 55527DCD1B4406FD007853FD /* PBXContainerItemProxy */;
		};
/* End PBXTargetDependency section */

/* Begin PBXVariantGroup section */
		55527DC51B4406FD007853FD /* Main.storyboard */ = {
			isa = PBXVariantGroup;
			children = (
				55527DC61B4406FD007853FD /* Base */,
			);
			name = Main.storyboard;
			sourceTree = "<group>";
		};
/* End PBXVariantGroup section */

/* Begin XCBuildConfiguration section */
		55527DD41B4406FD007853FD /* Debug */ = {
			isa = XCBuildConfiguration;
			buildSettings = {
				ALWAYS_SEARCH_USER_PATHS = NO;
				CLANG_CXX_LANGUAGE_STANDARD = "gnu++0x";
				CLANG_CXX_LIBRARY = "libc++";
				CLANG_ENABLE_MODULES = YES;
				CLANG_ENABLE_OBJC_ARC = YES;
				CLANG_WARN_BOOL_CONVERSION = YES;
				CLANG_WARN_CONSTANT_CONVERSION = YES;
				CLANG_WARN_DIRECT_OBJC_ISA_USAGE = YES_ERROR;
				CLANG_WARN_EMPTY_BODY = YES;
				CLANG_WARN_ENUM_CONVERSION = YES;
				CLANG_WARN_INT_CONVERSION = YES;
				CLANG_WARN_OBJC_ROOT_CLASS = YES_ERROR;
				CLANG_WARN_UNREACHABLE_CODE = YES;
				CLANG_WARN__DUPLICATE_METHOD_MATCH = YES;
				CODE_SIGN_IDENTITY = "-";
				COPY_PHASE_STRIP = NO;
				DEBUG_INFORMATION_FORMAT = dwarf;
				ENABLE_STRICT_OBJC_MSGSEND = YES;
				GCC_C_LANGUAGE_STANDARD = gnu99;
				GCC_DYNAMIC_NO_PIC = NO;
				GCC_NO_COMMON_BLOCKS = YES;
				GCC_OPTIMIZATION_LEVEL = 0;
				GCC_PREPROCESSOR_DEFINITIONS = (
					"DEBUG=1",
					"$(inherited)",
				);
				GCC_SYMBOLS_PRIVATE_EXTERN = NO;
				GCC_WARN_64_TO_32_BIT_CONVERSION = YES;
				GCC_WARN_ABOUT_RETURN_TYPE = YES_ERROR;
				GCC_WARN_UNDECLARED_SELECTOR = YES;
				GCC_WARN_UNINITIALIZED_AUTOS = YES_AGGRESSIVE;
				GCC_WARN_UNUSED_FUNCTION = YES;
				GCC_WARN_UNUSED_VARIABLE = YES;
				MACOSX_DEPLOYMENT_TARGET = 10.10;
				MTL_ENABLE_DEBUG_INFO = YES;
				ONLY_ACTIVE_ARCH = YES;
				SDKROOT = macosx;
				SWIFT_OPTIMIZATION_LEVEL = "-Onone";
			};
			name = Debug;
		};
		55527DD51B4406FD007853FD /* Release */ = {
			isa = XCBuildConfiguration;
			buildSettings = {
				ALWAYS_SEARCH_USER_PATHS = NO;
				CLANG_CXX_LANGUAGE_STANDARD = "gnu++0x";
				CLANG_CXX_LIBRARY = "libc++";
				CLANG_ENABLE_MODULES = YES;
				CLANG_ENABLE_OBJC_ARC = YES;
				CLANG_WARN_BOOL_CONVERSION = YES;
				CLANG_WARN_CONSTANT_CONVERSION = YES;
				CLANG_WARN_DIRECT_OBJC_ISA_USAGE = YES_ERROR;
				CLANG_WARN_EMPTY_BODY = YES;
				CLANG_WARN_ENUM_CONVERSION = YES;
				CLANG_WARN_INT_CONVERSION = YES;
				CLANG_WARN_OBJC_ROOT_CLASS = YES_ERROR;
				CLANG_WARN_UNREACHABLE_CODE = YES;
				CLANG_WARN__DUPLICATE_METHOD_MATCH = YES;
				CODE_SIGN_IDENTITY = "-";
				COPY_PHASE_STRIP = NO;
				DEBUG_INFORMATION_FORMAT = "dwarf-with-dsym";
				ENABLE_NS_ASSERTIONS = NO;
				ENABLE_STRICT_OBJC_MSGSEND = YES;
				GCC_C_LANGUAGE_STANDARD = gnu99;
				GCC_NO_COMMON_BLOCKS = YES;
				GCC_WARN_64_TO_32_BIT_CONVERSION = YES;
				GCC_WARN_ABOUT_RETURN_TYPE = YES_ERROR;
				GCC_WARN_UNDECLARED_SELECTOR = YES;
				GCC_WARN_UNINITIALIZED_AUTOS = YES_AGGRESSIVE;
				GCC_WARN_UNUSED_FUNCTION = YES;
				GCC_WARN_UNUSED_VARIABLE = YES;
				MACOSX_DEPLOYMENT_TARGET = 10.10;
				MTL_ENABLE_DEBUG_INFO = NO;
				SDKROOT = macosx;
			};
			name = Release;
		};
		55527DD71B4406FD007853FD /* Debug */ = {
			isa = XCBuildConfiguration;
			buildSettings = {
				ASSETCATALOG_COMPILER_APPICON_NAME = AppIcon;
				COMBINE_HIDPI_IMAGES = YES;
				INFOPLIST_FILE = "Todo Swift/Info.plist";
				LD_RUNPATH_SEARCH_PATHS = "$(inherited) @executable_path/../Frameworks";
				PRODUCT_NAME = "$(TARGET_NAME)";
			};
			name = Debug;
		};
		55527DD81B4406FD007853FD /* Release */ = {
			isa = XCBuildConfiguration;
			buildSettings = {
				ASSETCATALOG_COMPILER_APPICON_NAME = AppIcon;
				COMBINE_HIDPI_IMAGES = YES;
				INFOPLIST_FILE = "Todo Swift/Info.plist";
				LD_RUNPATH_SEARCH_PATHS = "$(inherited) @executable_path/../Frameworks";
				PRODUCT_NAME = "$(TARGET_NAME)";
			};
			name = Release;
		};
		55527DDA1B4406FD007853FD /* Debug */ = {
			isa = XCBuildConfiguration;
			buildSettings = {
				BUNDLE_LOADER = "$(TEST_HOST)";
				COMBINE_HIDPI_IMAGES = YES;
				FRAMEWORK_SEARCH_PATHS = (
					"$(DEVELOPER_FRAMEWORKS_DIR)",
					"$(inherited)",
				);
				GCC_PREPROCESSOR_DEFINITIONS = (
					"DEBUG=1",
					"$(inherited)",
				);
				INFOPLIST_FILE = "Todo SwiftTests/Info.plist";
				LD_RUNPATH_SEARCH_PATHS = "$(inherited) @executable_path/../Frameworks @loader_path/../Frameworks";
				PRODUCT_NAME = "$(TARGET_NAME)";
				TEST_HOST = "$(BUILT_PRODUCTS_DIR)/Todo Swift.app/Contents/MacOS/Todo Swift";
			};
			name = Debug;
		};
		55527DDB1B4406FD007853FD /* Release */ = {
			isa = XCBuildConfiguration;
			buildSettings = {
				BUNDLE_LOADER = "$(TEST_HOST)";
				COMBINE_HIDPI_IMAGES = YES;
				FRAMEWORK_SEARCH_PATHS = (
					"$(DEVELOPER_FRAMEWORKS_DIR)",
					"$(inherited)",
				);
				INFOPLIST_FILE = "Todo SwiftTests/Info.plist";
				LD_RUNPATH_SEARCH_PATHS = "$(inherited) @executable_path/../Frameworks @loader_path/../Frameworks";
				PRODUCT_NAME = "$(TARGET_NAME)";
				TEST_HOST = "$(BUILT_PRODUCTS_DIR)/Todo Swift.app/Contents/MacOS/Todo Swift";
			};
			name = Release;
		};
/* End XCBuildConfiguration section */

/* Begin XCConfigurationList section */
		55527DB51B4406FD007853FD /* Build configuration list for PBXProject "Todo Swift" */ = {
			isa = XCConfigurationList;
			buildConfigurations = (
				55527DD41B4406FD007853FD /* Debug */,
				55527DD51B4406FD007853FD /* Release */,
			);
			defaultConfigurationIsVisible = 0;
			defaultConfigurationName = Release;
		};
		55527DD61B4406FD007853FD /* Build configuration list for PBXNativeTarget "Todo Swift" */ = {
			isa = XCConfigurationList;
			buildConfigurations = (
				55527DD71B4406FD007853FD /* Debug */,
				55527DD81B4406FD007853FD /* Release */,
			);
			defaultConfigurationIsVisible = 0;
		};
		55527DD91B4406FD007853FD /* Build configuration list for PBXNativeTarget "Todo SwiftTests" */ = {
			isa = XCConfigurationList;
			buildConfigurations = (
				55527DDA1B4406FD007853FD /* Debug */,
				55527DDB1B4406FD007853FD /* Release */,
			);
			defaultConfigurationIsVisible = 0;
		};
/* End XCConfigurationList section */
	};
	rootObject = 55527DB21B4406FD007853FD /* Project object */;
}
