// !$*UTF8*$!
{
	archiveVersion = 1;
	classes = {
	};
	objectVersion = 46;
	objects = {

/* Begin PBXBuildFile section */
		5535FAD41B441B2000508DE4 /* NotificationCenter.framework in Frameworks */ = {isa = PBXBuildFile; fileRef = 55527DE21B440730007853FD /* NotificationCenter.framework */; };
		5535FADB1B441B2000508DE4 /* InfoPlist.strings in Resources */ = {isa = PBXBuildFile; fileRef = 5535FAD91B441B2000508DE4 /* InfoPlist.strings */; };
		5535FADD1B441B2000508DE4 /* TodayViewController.swift in Sources */ = {isa = PBXBuildFile; fileRef = 5535FADC1B441B2000508DE4 /* TodayViewController.swift */; };
		5535FADF1B441B2000508DE4 /* TodoItemViewController.swift in Sources */ = {isa = PBXBuildFile; fileRef = 5535FADE1B441B2000508DE4 /* TodoItemViewController.swift */; };
		5535FAE11B441B2000508DE4 /* TodayViewController.xib in Resources */ = {isa = PBXBuildFile; fileRef = 5535FAE01B441B2000508DE4 /* TodayViewController.xib */; };
		5535FAE31B441B2000508DE4 /* TodoItemViewController.xib in Resources */ = {isa = PBXBuildFile; fileRef = 5535FAE21B441B2000508DE4 /* TodoItemViewController.xib */; };
		5535FAE61B441B2000508DE4 /* Todo Widget.appex in Embed App Extensions */ = {isa = PBXBuildFile; fileRef = 5535FAD31B441B2000508DE4 /* Todo Widget.appex */; settings = {ATTRIBUTES = (RemoveHeadersOnCopy, ); }; };
		55525B801B83907200322068 /* TodoItem.swift in Sources */ = {isa = PBXBuildFile; fileRef = 55525B7F1B83907200322068 /* TodoItem.swift */; };
		55527DC01B4406FD007853FD /* AppDelegate.swift in Sources */ = {isa = PBXBuildFile; fileRef = 55527DBF1B4406FD007853FD /* AppDelegate.swift */; };
		55527DC21B4406FD007853FD /* ViewController.swift in Sources */ = {isa = PBXBuildFile; fileRef = 55527DC11B4406FD007853FD /* ViewController.swift */; };
		55527DC41B4406FD007853FD /* Images.xcassets in Resources */ = {isa = PBXBuildFile; fileRef = 55527DC31B4406FD007853FD /* Images.xcassets */; };
		55527DC71B4406FD007853FD /* Main.storyboard in Resources */ = {isa = PBXBuildFile; fileRef = 55527DC51B4406FD007853FD /* Main.storyboard */; };
		55527DD31B4406FD007853FD /* Todo_SwiftTests.swift in Sources */ = {isa = PBXBuildFile; fileRef = 55527DD21B4406FD007853FD /* Todo_SwiftTests.swift */; };
		559226301B44BA810086BBF0 /* MenuItemViewController.xib in Resources */ = {isa = PBXBuildFile; fileRef = 5592262F1B44BA810086BBF0 /* MenuItemViewController.xib */; };
		559226321B44BA980086BBF0 /* MenuItemViewController.swift in Sources */ = {isa = PBXBuildFile; fileRef = 559226311B44BA980086BBF0 /* MenuItemViewController.swift */; };
		559226341B44CC000086BBF0 /* SettingsViewController.xib in Resources */ = {isa = PBXBuildFile; fileRef = 559226331B44CC000086BBF0 /* SettingsViewController.xib */; };
		559226361B44D0D20086BBF0 /* SettingsViewController.swift in Sources */ = {isa = PBXBuildFile; fileRef = 559226351B44D0D20086BBF0 /* SettingsViewController.swift */; };
		55C053F21B445C0A00F8186E /* EditViewController.xib in Resources */ = {isa = PBXBuildFile; fileRef = 55C053F11B445C0A00F8186E /* EditViewController.xib */; };
		55C053F41B445C6400F8186E /* EditViewController.swift in Sources */ = {isa = PBXBuildFile; fileRef = 55C053F31B445C6400F8186E /* EditViewController.swift */; };
/* End PBXBuildFile section */

/* Begin PBXContainerItemProxy section */
		5535FAE41B441B2000508DE4 /* PBXContainerItemProxy */ = {
			isa = PBXContainerItemProxy;
			containerPortal = 55527DB21B4406FD007853FD /* Project object */;
			proxyType = 1;
			remoteGlobalIDString = 5535FAD21B441B2000508DE4;
			remoteInfo = "Todo Widget";
		};
		55527DCD1B4406FD007853FD /* PBXContainerItemProxy */ = {
			isa = PBXContainerItemProxy;
			containerPortal = 55527DB21B4406FD007853FD /* Project object */;
			proxyType = 1;
			remoteGlobalIDString = 55527DB91B4406FD007853FD;
			remoteInfo = "Todo Swift";
		};
/* End PBXContainerItemProxy section */

/* Begin PBXCopyFilesBuildPhase section */
		55527DF91B440730007853FD /* Embed App Extensions */ = {
			isa = PBXCopyFilesBuildPhase;
			buildActionMask = 2147483647;
			dstPath = "";
			dstSubfolderSpec = 13;
			files = (
				5535FAE61B441B2000508DE4 /* Todo Widget.appex in Embed App Extensions */,
			);
			name = "Embed App Extensions";
			runOnlyForDeploymentPostprocessing = 0;
		};
/* End PBXCopyFilesBuildPhase section */

/* Begin PBXFileReference section */
		5535FAD31B441B2000508DE4 /* Todo Widget.appex */ = {isa = PBXFileReference; explicitFileType = "wrapper.app-extension"; includeInIndex = 0; path = "Todo Widget.appex"; sourceTree = BUILT_PRODUCTS_DIR; };
		5535FAD71B441B2000508DE4 /* Info.plist */ = {isa = PBXFileReference; lastKnownFileType = text.plist.xml; path = Info.plist; sourceTree = "<group>"; };
		5535FAD81B441B2000508DE4 /* Todo_Widget.entitlements */ = {isa = PBXFileReference; lastKnownFileType = text.xml; path = Todo_Widget.entitlements; sourceTree = "<group>"; };
		5535FADA1B441B2000508DE4 /* en */ = {isa = PBXFileReference; lastKnownFileType = text.plist.strings; name = en; path = en.lproj/InfoPlist.strings; sourceTree = "<group>"; };
		5535FADC1B441B2000508DE4 /* TodayViewController.swift */ = {isa = PBXFileReference; lastKnownFileType = sourcecode.swift; path = TodayViewController.swift; sourceTree = "<group>"; };
		5535FADE1B441B2000508DE4 /* TodoItemViewController.swift */ = {isa = PBXFileReference; lastKnownFileType = sourcecode.swift; path = TodoItemViewController.swift; sourceTree = "<group>"; };
		5535FAE01B441B2000508DE4 /* TodayViewController.xib */ = {isa = PBXFileReference; lastKnownFileType = file.xib; name = TodayViewController.xib; path = "/Users/haspaker/Projects/XCode/Todo Swift/Todo Widget/TodayViewController.xib"; sourceTree = "<absolute>"; };
		5535FAE21B441B2000508DE4 /* TodoItemViewController.xib */ = {isa = PBXFileReference; lastKnownFileType = file.xib; name = TodoItemViewController.xib; path = "/Users/haspaker/Projects/XCode/Todo Swift/Todo Widget/TodoItemViewController.xib"; sourceTree = "<absolute>"; };
		55525B7F1B83907200322068 /* TodoItem.swift */ = {isa = PBXFileReference; fileEncoding = 4; lastKnownFileType = sourcecode.swift; path = TodoItem.swift; sourceTree = "<group>"; };
		55527DBA1B4406FD007853FD /* Todo Swift.app */ = {isa = PBXFileReference; explicitFileType = wrapper.application; includeInIndex = 0; path = "Todo Swift.app"; sourceTree = BUILT_PRODUCTS_DIR; };
		55527DBE1B4406FD007853FD /* Info.plist */ = {isa = PBXFileReference; lastKnownFileType = text.plist.xml; path = Info.plist; sourceTree = "<group>"; };
		55527DBF1B4406FD007853FD /* AppDelegate.swift */ = {isa = PBXFileReference; lastKnownFileType = sourcecode.swift; path = AppDelegate.swift; sourceTree = "<group>"; };
		55527DC11B4406FD007853FD /* ViewController.swift */ = {isa = PBXFileReference; lastKnownFileType = sourcecode.swift; path = ViewController.swift; sourceTree = "<group>"; };
		55527DC31B4406FD007853FD /* Images.xcassets */ = {isa = PBXFileReference; lastKnownFileType = folder.assetcatalog; path = Images.xcassets; sourceTree = "<group>"; };
		55527DC61B4406FD007853FD /* Base */ = {isa = PBXFileReference; lastKnownFileType = file.storyboard; name = Base; path = Base.lproj/Main.storyboard; sourceTree = "<group>"; };
		55527DCC1B4406FD007853FD /* Todo SwiftTests.xctest */ = {isa = PBXFileReference; explicitFileType = wrapper.cfbundle; includeInIndex = 0; path = "Todo SwiftTests.xctest"; sourceTree = BUILT_PRODUCTS_DIR; };
		55527DD11B4406FD007853FD /* Info.plist */ = {isa = PBXFileReference; lastKnownFileType = text.plist.xml; path = Info.plist; sourceTree = "<group>"; };
		55527DD21B4406FD007853FD /* Todo_SwiftTests.swift */ = {isa = PBXFileReference; lastKnownFileType = sourcecode.swift; path = Todo_SwiftTests.swift; sourceTree = "<group>"; };
		55527DE21B440730007853FD /* NotificationCenter.framework */ = {isa = PBXFileReference; lastKnownFileType = wrapper.framework; name = NotificationCenter.framework; path = System/Library/Frameworks/NotificationCenter.framework; sourceTree = SDKROOT; };
		5592262F1B44BA810086BBF0 /* MenuItemViewController.xib */ = {isa = PBXFileReference; fileEncoding = 4; lastKnownFileType = file.xib; name = MenuItemViewController.xib; path = "/Users/haspaker/Projects/XCode/Todo Swift/Todo Widget/MenuItemViewController.xib"; sourceTree = "<absolute>"; };
		559226311B44BA980086BBF0 /* MenuItemViewController.swift */ = {isa = PBXFileReference; fileEncoding = 4; lastKnownFileType = sourcecode.swift; path = MenuItemViewController.swift; sourceTree = "<group>"; };
		559226331B44CC000086BBF0 /* SettingsViewController.xib */ = {isa = PBXFileReference; fileEncoding = 4; lastKnownFileType = file.xib; name = SettingsViewController.xib; path = "/Users/haspaker/Projects/XCode/Todo Swift/Todo Widget/SettingsViewController.xib"; sourceTree = "<absolute>"; };
		559226351B44D0D20086BBF0 /* SettingsViewController.swift */ = {isa = PBXFileReference; fileEncoding = 4; lastKnownFileType = sourcecode.swift; path = SettingsViewController.swift; sourceTree = "<group>"; };
		55C053F11B445C0A00F8186E /* EditViewController.xib */ = {isa = PBXFileReference; fileEncoding = 4; lastKnownFileType = file.xib; name = EditViewController.xib; path = "/Users/haspaker/Projects/XCode/Todo Swift/Todo Widget/EditViewController.xib"; sourceTree = "<absolute>"; };
		55C053F31B445C6400F8186E /* EditViewController.swift */ = {isa = PBXFileReference; fileEncoding = 4; lastKnownFileType = sourcecode.swift; path = EditViewController.swift; sourceTree = "<group>"; };
/* End PBXFileReference section */

/* Begin PBXFrameworksBuildPhase section */
		5535FAD01B441B2000508DE4 /* Frameworks */ = {
			isa = PBXFrameworksBuildPhase;
			buildActionMask = 2147483647;
			files = (
				5535FAD41B441B2000508DE4 /* NotificationCenter.framework in Frameworks */,
			);
			runOnlyForDeploymentPostprocessing = 0;
		};
		55527DB71B4406FD007853FD /* Frameworks */ = {
			isa = PBXFrameworksBuildPhase;
			buildActionMask = 2147483647;
			files = (
			);
			runOnlyForDeploymentPostprocessing = 0;
		};
		55527DC91B4406FD007853FD /* Frameworks */ = {
			isa = PBXFrameworksBuildPhase;
			buildActionMask = 2147483647;
			files = (
			);
			runOnlyForDeploymentPostprocessing = 0;
		};
/* End PBXFrameworksBuildPhase section */

/* Begin PBXGroup section */
		5535FAD51B441B2000508DE4 /* Todo Widget */ = {
			isa = PBXGroup;
			children = (
				5535FADC1B441B2000508DE4 /* TodayViewController.swift */,
				55525B7F1B83907200322068 /* TodoItem.swift */,
				5535FADE1B441B2000508DE4 /* TodoItemViewController.swift */,
				55C053F31B445C6400F8186E /* EditViewController.swift */,
				559226311B44BA980086BBF0 /* MenuItemViewController.swift */,
				559226351B44D0D20086BBF0 /* SettingsViewController.swift */,
				559226331B44CC000086BBF0 /* SettingsViewController.xib */,
				5592262F1B44BA810086BBF0 /* MenuItemViewController.xib */,
				55C053F11B445C0A00F8186E /* EditViewController.xib */,
				5535FAE21B441B2000508DE4 /* TodoItemViewController.xib */,
				5535FAE01B441B2000508DE4 /* TodayViewController.xib */,
				5535FAD61B441B2000508DE4 /* Supporting Files */,
			);
			path = "Todo Widget";
			sourceTree = "<group>";
		};
		5535FAD61B441B2000508DE4 /* Supporting Files */ = {
			isa = PBXGroup;
			children = (
				5535FAD71B441B2000508DE4 /* Info.plist */,
				5535FAD81B441B2000508DE4 /* Todo_Widget.entitlements */,
				5535FAD91B441B2000508DE4 /* InfoPlist.strings */,
			);
			name = "Supporting Files";
			sourceTree = "<group>";
		};
		55527DB11B4406FD007853FD = {
			isa = PBXGroup;
			children = (
				55527DBC1B4406FD007853FD /* Todo Swift */,
				55527DCF1B4406FD007853FD /* Todo SwiftTests */,
				5535FAD51B441B2000508DE4 /* Todo Widget */,
				55527DE11B440730007853FD /* Frameworks */,
				55527DBB1B4406FD007853FD /* Products */,
			);
			sourceTree = "<group>";
		};
		55527DBB1B4406FD007853FD /* Products */ = {
			isa = PBXGroup;
			children = (
				55527DBA1B4406FD007853FD /* Todo Swift.app */,
				55527DCC1B4406FD007853FD /* Todo SwiftTests.xctest */,
				5535FAD31B441B2000508DE4 /* Todo Widget.appex */,
			);
			name = Products;
			sourceTree = "<group>";
		};
		55527DBC1B4406FD007853FD /* Todo Swift */ = {
			isa = PBXGroup;
			children = (
				55527DBF1B4406FD007853FD /* AppDelegate.swift */,
				55527DC11B4406FD007853FD /* ViewController.swift */,
				55527DC31B4406FD007853FD /* Images.xcassets */,
				55527DC51B4406FD007853FD /* Main.storyboard */,
				55527DBD1B4406FD007853FD /* Supporting Files */,
			);
			path = "Todo Swift";
			sourceTree = "<group>";
		};
		55527DBD1B4406FD007853FD /* Supporting Files */ = {
			isa = PBXGroup;
			children = (
				55527DBE1B4406FD007853FD /* Info.plist */,
			);
			name = "Supporting Files";
			sourceTree = "<group>";
		};
		55527DCF1B4406FD007853FD /* Todo SwiftTests */ = {
			isa = PBXGroup;
			children = (
				55527DD21B4406FD007853FD /* Todo_SwiftTests.swift */,
				55527DD01B4406FD007853FD /* Supporting Files */,
			);
			path = "Todo SwiftTests";
			sourceTree = "<group>";
		};
		55527DD01B4406FD007853FD /* Supporting Files */ = {
			isa = PBXGroup;
			children = (
				55527DD11B4406FD007853FD /* Info.plist */,
			);
			name = "Supporting Files";
			sourceTree = "<group>";
		};
		55527DE11B440730007853FD /* Frameworks */ = {
			isa = PBXGroup;
			children = (
				55527DE21B440730007853FD /* NotificationCenter.framework */,
			);
			name = Frameworks;
			sourceTree = "<group>";
		};
/* End PBXGroup section */

/* Begin PBXNativeTarget section */
		5535FAD21B441B2000508DE4 /* Todo Widget */ = {
			isa = PBXNativeTarget;
			buildConfigurationList = 5535FAE71B441B2000508DE4 /* Build configuration list for PBXNativeTarget "Todo Widget" */;
			buildPhases = (
				5535FACF1B441B2000508DE4 /* Sources */,
				5535FAD01B441B2000508DE4 /* Frameworks */,
				5535FAD11B441B2000508DE4 /* Resources */,
			);
			buildRules = (
			);
			dependencies = (
			);
			name = "Todo Widget";
			productName = "Todo Widget";
			productReference = 5535FAD31B441B2000508DE4 /* Todo Widget.appex */;
			productType = "com.apple.product-type.app-extension";
		};
		55527DB91B4406FD007853FD /* Todo Swift */ = {
			isa = PBXNativeTarget;
			buildConfigurationList = 55527DD61B4406FD007853FD /* Build configuration list for PBXNativeTarget "Todo Swift" */;
			buildPhases = (
				55527DB61B4406FD007853FD /* Sources */,
				55527DB71B4406FD007853FD /* Frameworks */,
				55527DB81B4406FD007853FD /* Resources */,
				55527DF91B440730007853FD /* Embed App Extensions */,
			);
			buildRules = (
			);
			dependencies = (
				5535FAE51B441B2000508DE4 /* PBXTargetDependency */,
			);
			name = "Todo Swift";
			productName = "Todo Swift";
			productReference = 55527DBA1B4406FD007853FD /* Todo Swift.app */;
			productType = "com.apple.product-type.application";
		};
		55527DCB1B4406FD007853FD /* Todo SwiftTests */ = {
			isa = PBXNativeTarget;
			buildConfigurationList = 55527DD91B4406FD007853FD /* Build configuration list for PBXNativeTarget "Todo SwiftTests" */;
			buildPhases = (
				55527DC81B4406FD007853FD /* Sources */,
				55527DC91B4406FD007853FD /* Frameworks */,
				55527DCA1B4406FD007853FD /* Resources */,
			);
			buildRules = (
			);
			dependencies = (
				55527DCE1B4406FD007853FD /* PBXTargetDependency */,
			);
			name = "Todo SwiftTests";
			productName = "Todo SwiftTests";
			productReference = 55527DCC1B4406FD007853FD /* Todo SwiftTests.xctest */;
			productType = "com.apple.product-type.bundle.unit-test";
		};
/* End PBXNativeTarget section */

/* Begin PBXProject section */
		55527DB21B4406FD007853FD /* Project object */ = {
			isa = PBXProject;
			attributes = {
				LastUpgradeCheck = 0630;
				ORGANIZATIONNAME = Haspaker;
				TargetAttributes = {
					5535FAD21B441B2000508DE4 = {
						CreatedOnToolsVersion = 6.3.2;
					};
					55527DB91B4406FD007853FD = {
						CreatedOnToolsVersion = 6.3.2;
					};
					55527DCB1B4406FD007853FD = {
						CreatedOnToolsVersion = 6.3.2;
						TestTargetID = 55527DB91B4406FD007853FD;
					};
				};
			};
			buildConfigurationList = 55527DB51B4406FD007853FD /* Build configuration list for PBXProject "Todo Swift" */;
			compatibilityVersion = "Xcode 3.2";
			developmentRegion = English;
			hasScannedForEncodings = 0;
			knownRegions = (
				en,
				Base,
			);
			mainGroup = 55527DB11B4406FD007853FD;
			productRefGroup = 55527DBB1B4406FD007853FD /* Products */;
			projectDirPath = "";
			projectRoot = "";
			targets = (
				55527DB91B4406FD007853FD /* Todo Swift */,
				55527DCB1B4406FD007853FD /* Todo SwiftTests */,
				5535FAD21B441B2000508DE4 /* Todo Widget */,
			);
		};
/* End PBXProject section */

/* Begin PBXResourcesBuildPhase section */
		5535FAD11B441B2000508DE4 /* Resources */ = {
			isa = PBXResourcesBuildPhase;
			buildActionMask = 2147483647;
			files = (
				559226301B44BA810086BBF0 /* MenuItemViewController.xib in Resources */,
				559226341B44CC000086BBF0 /* SettingsViewController.xib in Resources */,
				55C053F21B445C0A00F8186E /* EditViewController.xib in Resources */,
				5535FAE31B441B2000508DE4 /* TodoItemViewController.xib in Resources */,
				5535FAE11B441B2000508DE4 /* TodayViewController.xib in Resources */,
				5535FADB1B441B2000508DE4 /* InfoPlist.strings in Resources */,
			);
			runOnlyForDeploymentPostprocessing = 0;
		};
		55527DB81B4406FD007853FD /* Resources */ = {
			isa = PBXResourcesBuildPhase;
			buildActionMask = 2147483647;
			files = (
				55527DC41B4406FD007853FD /* Images.xcassets in Resources */,
				55527DC71B4406FD007853FD /* Main.storyboard in Resources */,
			);
			runOnlyForDeploymentPostprocessing = 0;
		};
		55527DCA1B4406FD007853FD /* Resources */ = {
			isa = PBXResourcesBuildPhase;
			buildActionMask = 2147483647;
			files = (
			);
			runOnlyForDeploymentPostprocessing = 0;
		};
/* End PBXResourcesBuildPhase section */

/* Begin PBXSourcesBuildPhase section */
		5535FACF1B441B2000508DE4 /* Sources */ = {
			isa = PBXSourcesBuildPhase;
			buildActionMask = 2147483647;
			files = (
				559226321B44BA980086BBF0 /* MenuItemViewController.swift in Sources */,
				5535FADD1B441B2000508DE4 /* TodayViewController.swift in Sources */,
				55C053F41B445C6400F8186E /* EditViewController.swift in Sources */,
				559226361B44D0D20086BBF0 /* SettingsViewController.swift in Sources */,
				55525B801B83907200322068 /* TodoItem.swift in Sources */,
				5535FADF1B441B2000508DE4 /* TodoItemViewController.swift in Sources */,
			);
			runOnlyForDeploymentPostprocessing = 0;
		};
		55527DB61B4406FD007853FD /* Sources */ = {
			isa = PBXSourcesBuildPhase;
			buildActionMask = 2147483647;
			files = (
				55527DC21B4406FD007853FD /* ViewController.swift in Sources */,
				55527DC01B4406FD007853FD /* AppDelegate.swift in Sources */,
			);
			runOnlyForDeploymentPostprocessing = 0;
		};
		55527DC81B4406FD007853FD /* Sources */ = {
			isa = PBXSourcesBuildPhase;
			buildActionMask = 2147483647;
			files = (
				55527DD31B4406FD007853FD /* Todo_SwiftTests.swift in Sources */,
			);
			runOnlyForDeploymentPostprocessing = 0;
		};
/* End PBXSourcesBuildPhase section */

/* Begin PBXTargetDependency section */
		5535FAE51B441B2000508DE4 /* PBXTargetDependency */ = {
			isa = PBXTargetDependency;
			target = 5535FAD21B441B2000508DE4 /* Todo Widget */;
			targetProxy = 5535FAE41B441B2000508DE4 /* PBXContainerItemProxy */;
		};
		55527DCE1B4406FD007853FD /* PBXTargetDependency */ = {
			isa = PBXTargetDependency;
			target = 55527DB91B4406FD007853FD /* Todo Swift */;
			targetProxy = 55527DCD1B4406FD007853FD /* PBXContainerItemProxy */;
		};
/* End PBXTargetDependency section */

/* Begin PBXVariantGroup section */
		5535FAD91B441B2000508DE4 /* InfoPlist.strings */ = {
			isa = PBXVariantGroup;
			children = (
				5535FADA1B441B2000508DE4 /* en */,
			);
			name = InfoPlist.strings;
			sourceTree = "<group>";
		};
		55527DC51B4406FD007853FD /* Main.storyboard */ = {
			isa = PBXVariantGroup;
			children = (
				55527DC61B4406FD007853FD /* Base */,
			);
			name = Main.storyboard;
			sourceTree = "<group>";
		};
/* End PBXVariantGroup section */

/* Begin XCBuildConfiguration section */
		5535FAE81B441B2000508DE4 /* Debug */ = {
			isa = XCBuildConfiguration;
			buildSettings = {
				CODE_SIGN_ENTITLEMENTS = "Todo Widget/Todo_Widget.entitlements";
				CODE_SIGN_IDENTITY = "-";
				COMBINE_HIDPI_IMAGES = YES;
				GCC_PREPROCESSOR_DEFINITIONS = (
					"DEBUG=1",
					"$(inherited)",
				);
				INFOPLIST_FILE = "Todo Widget/Info.plist";
				LD_RUNPATH_SEARCH_PATHS = "$(inherited) @executable_path/../Frameworks @executable_path/../../../../Frameworks";
				PRODUCT_NAME = "$(TARGET_NAME)";
				SKIP_INSTALL = YES;
			};
			name = Debug;
		};
		5535FAE91B441B2000508DE4 /* Release */ = {
			isa = XCBuildConfiguration;
			buildSettings = {
				CODE_SIGN_ENTITLEMENTS = "Todo Widget/Todo_Widget.entitlements";
				CODE_SIGN_IDENTITY = "-";
				COMBINE_HIDPI_IMAGES = YES;
				INFOPLIST_FILE = "Todo Widget/Info.plist";
				LD_RUNPATH_SEARCH_PATHS = "$(inherited) @executable_path/../Frameworks @executable_path/../../../../Frameworks";
				PRODUCT_NAME = "$(TARGET_NAME)";
				SKIP_INSTALL = YES;
			};
			name = Release;
		};
		55527DD41B4406FD007853FD /* Debug */ = {
			isa = XCBuildConfiguration;
			buildSettings = {
				ALWAYS_SEARCH_USER_PATHS = NO;
				CLANG_CXX_LANGUAGE_STANDARD = "gnu++0x";
				CLANG_CXX_LIBRARY = "libc++";
				CLANG_ENABLE_MODULES = YES;
				CLANG_ENABLE_OBJC_ARC = YES;
				CLANG_WARN_BOOL_CONVERSION = YES;
				CLANG_WARN_CONSTANT_CONVERSION = YES;
				CLANG_WARN_DIRECT_OBJC_ISA_USAGE = YES_ERROR;
				CLANG_WARN_EMPTY_BODY = YES;
				CLANG_WARN_ENUM_CONVERSION = YES;
				CLANG_WARN_INT_CONVERSION = YES;
				CLANG_WARN_OBJC_ROOT_CLASS = YES_ERROR;
				CLANG_WARN_UNREACHABLE_CODE = YES;
				CLANG_WARN__DUPLICATE_METHOD_MATCH = YES;
				CODE_SIGN_IDENTITY = "-";
				COPY_PHASE_STRIP = NO;
				DEBUG_INFORMATION_FORMAT = dwarf;
				ENABLE_STRICT_OBJC_MSGSEND = YES;
				GCC_C_LANGUAGE_STANDARD = gnu99;
				GCC_DYNAMIC_NO_PIC = NO;
				GCC_NO_COMMON_BLOCKS = YES;
				GCC_OPTIMIZATION_LEVEL = 0;
				GCC_PREPROCESSOR_DEFINITIONS = (
					"DEBUG=1",
					"$(inherited)",
				);
				GCC_SYMBOLS_PRIVATE_EXTERN = NO;
				GCC_WARN_64_TO_32_BIT_CONVERSION = YES;
				GCC_WARN_ABOUT_RETURN_TYPE = YES_ERROR;
				GCC_WARN_UNDECLARED_SELECTOR = YES;
				GCC_WARN_UNINITIALIZED_AUTOS = YES_AGGRESSIVE;
				GCC_WARN_UNUSED_FUNCTION = YES;
				GCC_WARN_UNUSED_VARIABLE = YES;
				MACOSX_DEPLOYMENT_TARGET = 10.10;
				MTL_ENABLE_DEBUG_INFO = YES;
				ONLY_ACTIVE_ARCH = YES;
				SDKROOT = macosx;
				SWIFT_OPTIMIZATION_LEVEL = "-Onone";
			};
			name = Debug;
		};
		55527DD51B4406FD007853FD /* Release */ = {
			isa = XCBuildConfiguration;
			buildSettings = {
				ALWAYS_SEARCH_USER_PATHS = NO;
				CLANG_CXX_LANGUAGE_STANDARD = "gnu++0x";
				CLANG_CXX_LIBRARY = "libc++";
				CLANG_ENABLE_MODULES = YES;
				CLANG_ENABLE_OBJC_ARC = YES;
				CLANG_WARN_BOOL_CONVERSION = YES;
				CLANG_WARN_CONSTANT_CONVERSION = YES;
				CLANG_WARN_DIRECT_OBJC_ISA_USAGE = YES_ERROR;
				CLANG_WARN_EMPTY_BODY = YES;
				CLANG_WARN_ENUM_CONVERSION = YES;
				CLANG_WARN_INT_CONVERSION = YES;
				CLANG_WARN_OBJC_ROOT_CLASS = YES_ERROR;
				CLANG_WARN_UNREACHABLE_CODE = YES;
				CLANG_WARN__DUPLICATE_METHOD_MATCH = YES;
				CODE_SIGN_IDENTITY = "-";
				COPY_PHASE_STRIP = NO;
				DEBUG_INFORMATION_FORMAT = "dwarf-with-dsym";
				ENABLE_NS_ASSERTIONS = NO;
				ENABLE_STRICT_OBJC_MSGSEND = YES;
				GCC_C_LANGUAGE_STANDARD = gnu99;
				GCC_NO_COMMON_BLOCKS = YES;
				GCC_WARN_64_TO_32_BIT_CONVERSION = YES;
				GCC_WARN_ABOUT_RETURN_TYPE = YES_ERROR;
				GCC_WARN_UNDECLARED_SELECTOR = YES;
				GCC_WARN_UNINITIALIZED_AUTOS = YES_AGGRESSIVE;
				GCC_WARN_UNUSED_FUNCTION = YES;
				GCC_WARN_UNUSED_VARIABLE = YES;
				MACOSX_DEPLOYMENT_TARGET = 10.10;
				MTL_ENABLE_DEBUG_INFO = NO;
				SDKROOT = macosx;
			};
			name = Release;
		};
		55527DD71B4406FD007853FD /* Debug */ = {
			isa = XCBuildConfiguration;
			buildSettings = {
				ASSETCATALOG_COMPILER_APPICON_NAME = AppIcon;
				COMBINE_HIDPI_IMAGES = YES;
				INFOPLIST_FILE = "Todo Swift/Info.plist";
				LD_RUNPATH_SEARCH_PATHS = "$(inherited) @executable_path/../Frameworks";
				PRODUCT_NAME = "$(TARGET_NAME)";
			};
			name = Debug;
		};
		55527DD81B4406FD007853FD /* Release */ = {
			isa = XCBuildConfiguration;
			buildSettings = {
				ASSETCATALOG_COMPILER_APPICON_NAME = AppIcon;
				COMBINE_HIDPI_IMAGES = YES;
				INFOPLIST_FILE = "Todo Swift/Info.plist";
				LD_RUNPATH_SEARCH_PATHS = "$(inherited) @executable_path/../Frameworks";
				PRODUCT_NAME = "$(TARGET_NAME)";
			};
			name = Release;
		};
		55527DDA1B4406FD007853FD /* Debug */ = {
			isa = XCBuildConfiguration;
			buildSettings = {
				BUNDLE_LOADER = "$(TEST_HOST)";
				COMBINE_HIDPI_IMAGES = YES;
				FRAMEWORK_SEARCH_PATHS = (
					"$(DEVELOPER_FRAMEWORKS_DIR)",
					"$(inherited)",
				);
				GCC_PREPROCESSOR_DEFINITIONS = (
					"DEBUG=1",
					"$(inherited)",
				);
				INFOPLIST_FILE = "Todo SwiftTests/Info.plist";
				LD_RUNPATH_SEARCH_PATHS = "$(inherited) @executable_path/../Frameworks @loader_path/../Frameworks";
				PRODUCT_NAME = "$(TARGET_NAME)";
				TEST_HOST = "$(BUILT_PRODUCTS_DIR)/Todo Swift.app/Contents/MacOS/Todo Swift";
			};
			name = Debug;
		};
		55527DDB1B4406FD007853FD /* Release */ = {
			isa = XCBuildConfiguration;
			buildSettings = {
				BUNDLE_LOADER = "$(TEST_HOST)";
				COMBINE_HIDPI_IMAGES = YES;
				FRAMEWORK_SEARCH_PATHS = (
					"$(DEVELOPER_FRAMEWORKS_DIR)",
					"$(inherited)",
				);
				INFOPLIST_FILE = "Todo SwiftTests/Info.plist";
				LD_RUNPATH_SEARCH_PATHS = "$(inherited) @executable_path/../Frameworks @loader_path/../Frameworks";
				PRODUCT_NAME = "$(TARGET_NAME)";
				TEST_HOST = "$(BUILT_PRODUCTS_DIR)/Todo Swift.app/Contents/MacOS/Todo Swift";
			};
			name = Release;
		};
/* End XCBuildConfiguration section */

/* Begin XCConfigurationList section */
		5535FAE71B441B2000508DE4 /* Build configuration list for PBXNativeTarget "Todo Widget" */ = {
			isa = XCConfigurationList;
			buildConfigurations = (
				5535FAE81B441B2000508DE4 /* Debug */,
				5535FAE91B441B2000508DE4 /* Release */,
			);
			defaultConfigurationIsVisible = 0;
			defaultConfigurationName = Release;
		};
		55527DB51B4406FD007853FD /* Build configuration list for PBXProject "Todo Swift" */ = {
			isa = XCConfigurationList;
			buildConfigurations = (
				55527DD41B4406FD007853FD /* Debug */,
				55527DD51B4406FD007853FD /* Release */,
			);
			defaultConfigurationIsVisible = 0;
			defaultConfigurationName = Release;
		};
		55527DD61B4406FD007853FD /* Build configuration list for PBXNativeTarget "Todo Swift" */ = {
			isa = XCConfigurationList;
			buildConfigurations = (
				55527DD71B4406FD007853FD /* Debug */,
				55527DD81B4406FD007853FD /* Release */,
			);
			defaultConfigurationIsVisible = 0;
			defaultConfigurationName = Release;
		};
		55527DD91B4406FD007853FD /* Build configuration list for PBXNativeTarget "Todo SwiftTests" */ = {
			isa = XCConfigurationList;
			buildConfigurations = (
				55527DDA1B4406FD007853FD /* Debug */,
				55527DDB1B4406FD007853FD /* Release */,
			);
			defaultConfigurationIsVisible = 0;
			defaultConfigurationName = Release;
		};
/* End XCConfigurationList section */
	};
	rootObject = 55527DB21B4406FD007853FD /* Project object */;
}
